
Microsoft Visual Studio Solution File, Format Version 12.00
# Visual Studio Version 16
VisualStudioVersion = 16.0.31515.178
MinimumVisualStudioVersion = 10.0.40219.1
Project("{FAE04EC0-301F-11D3-BF4B-00C04F79EFBC}") = "GDLab1", "GDLab1.csproj", "{12772CAC-0939-433C-A8E0-ADDC01CC02B8}"
EndProject
Global
	GlobalSection(SolutionConfigurationPlatforms) = preSolution
		Debug|Any CPU = Debug|Any CPU
		Release|Any CPU = Release|Any CPU
	EndGlobalSection
	GlobalSection(ProjectConfigurationPlatforms) = postSolution
		{12772CAC-0939-433C-A8E0-ADDC01CC02B8}.Debug|Any CPU.ActiveCfg = Debug|Any CPU
		{12772CAC-0939-433C-A8E0-ADDC01CC02B8}.Debug|Any CPU.Build.0 = Debug|Any CPU
		{12772CAC-0939-433C-A8E0-ADDC01CC02B8}.Release|Any CPU.ActiveCfg = Release|Any CPU
		{12772CAC-0939-433C-A8E0-ADDC01CC02B8}.Release|Any CPU.Build.0 = Release|Any CPU
	EndGlobalSection
	GlobalSection(SolutionProperties) = preSolution
		HideSolutionNode = FALSE
	EndGlobalSection
	GlobalSection(ExtensibilityGlobals) = postSolution
		SolutionGuid = {46B0DE89-E381-4189-98A1-98FD3D0A5DC3}
	EndGlobalSection
EndGlobal
